// !$*UTF8*$!
{
	archiveVersion = 1;
	classes = {
	};
	objectVersion = 56;
	objects = {

/* Begin PBXBuildFile section */
		938CC0912A1D1E70005B5007 /* Chapter7_iExpenseApp.swift in Sources */ = {isa = PBXBuildFile; fileRef = 938CC0902A1D1E70005B5007 /* Chapter7_iExpenseApp.swift */; };
		938CC0932A1D1E70005B5007 /* DemoView.swift in Sources */ = {isa = PBXBuildFile; fileRef = 938CC0922A1D1E70005B5007 /* DemoView.swift */; };
		938CC0952A1D1E71005B5007 /* Assets.xcassets in Resources */ = {isa = PBXBuildFile; fileRef = 938CC0942A1D1E71005B5007 /* Assets.xcassets */; };
		938CC0982A1D1E71005B5007 /* Preview Assets.xcassets in Resources */ = {isa = PBXBuildFile; fileRef = 938CC0972A1D1E71005B5007 /* Preview Assets.xcassets */; };
		938CC09F2A1D2490005B5007 /* ListView.swift in Sources */ = {isa = PBXBuildFile; fileRef = 938CC09E2A1D2490005B5007 /* ListView.swift */; };
		938CC0A12A1D26DC005B5007 /* PersistentView.swift in Sources */ = {isa = PBXBuildFile; fileRef = 938CC0A02A1D26DC005B5007 /* PersistentView.swift */; };
		938CC0A32A1D27FD005B5007 /* CodableView.swift in Sources */ = {isa = PBXBuildFile; fileRef = 938CC0A22A1D27FD005B5007 /* CodableView.swift */; };
		93E658B52A1E597B00E60DFE /* ContentView.swift in Sources */ = {isa = PBXBuildFile; fileRef = 93E658B42A1E597B00E60DFE /* ContentView.swift */; };
		93E658B92A1E5E8500E60DFE /* AddView.swift in Sources */ = {isa = PBXBuildFile; fileRef = 93E658B82A1E5E8500E60DFE /* AddView.swift */; };
/* End PBXBuildFile section */

/* Begin PBXFileReference section */
		938CC08D2A1D1E70005B5007 /* Chapter7-iExpense.app */ = {isa = PBXFileReference; explicitFileType = wrapper.application; includeInIndex = 0; path = "Chapter7-iExpense.app"; sourceTree = BUILT_PRODUCTS_DIR; };
		938CC0902A1D1E70005B5007 /* Chapter7_iExpenseApp.swift */ = {isa = PBXFileReference; lastKnownFileType = sourcecode.swift; path = Chapter7_iExpenseApp.swift; sourceTree = "<group>"; };
		938CC0922A1D1E70005B5007 /* DemoView.swift */ = {isa = PBXFileReference; lastKnownFileType = sourcecode.swift; path = DemoView.swift; sourceTree = "<group>"; };
		938CC0942A1D1E71005B5007 /* Assets.xcassets */ = {isa = PBXFileReference; lastKnownFileType = folder.assetcatalog; path = Assets.xcassets; sourceTree = "<group>"; };
		938CC0972A1D1E71005B5007 /* Preview Assets.xcassets */ = {isa = PBXFileReference; lastKnownFileType = folder.assetcatalog; path = "Preview Assets.xcassets"; sourceTree = "<group>"; };
		938CC09E2A1D2490005B5007 /* ListView.swift */ = {isa = PBXFileReference; lastKnownFileType = sourcecode.swift; path = ListView.swift; sourceTree = "<group>"; };
		938CC0A02A1D26DC005B5007 /* PersistentView.swift */ = {isa = PBXFileReference; lastKnownFileType = sourcecode.swift; path = PersistentView.swift; sourceTree = "<group>"; };
		938CC0A22A1D27FD005B5007 /* CodableView.swift */ = {isa = PBXFileReference; lastKnownFileType = sourcecode.swift; path = CodableView.swift; sourceTree = "<group>"; };
		93E658B42A1E597B00E60DFE /* ContentView.swift */ = {isa = PBXFileReference; lastKnownFileType = sourcecode.swift; path = ContentView.swift; sourceTree = "<group>"; };
		93E658B82A1E5E8500E60DFE /* AddView.swift */ = {isa = PBXFileReference; lastKnownFileType = sourcecode.swift; path = AddView.swift; sourceTree = "<group>"; };
/* End PBXFileReference section */

/* Begin PBXFrameworksBuildPhase section */
		938CC08A2A1D1E70005B5007 /* Frameworks */ = {
			isa = PBXFrameworksBuildPhase;
			buildActionMask = 2147483647;
			files = (
			);
			runOnlyForDeploymentPostprocessing = 0;
		};
/* End PBXFrameworksBuildPhase section */

/* Begin PBXGroup section */
		938CC0842A1D1E70005B5007 = {
			isa = PBXGroup;
			children = (
				938CC08F2A1D1E70005B5007 /* Chapter7-iExpense */,
				938CC08E2A1D1E70005B5007 /* Products */,
			);
			sourceTree = "<group>";
		};
		938CC08E2A1D1E70005B5007 /* Products */ = {
			isa = PBXGroup;
			children = (
				938CC08D2A1D1E70005B5007 /* Chapter7-iExpense.app */,
			);
			name = Products;
			sourceTree = "<group>";
		};
		938CC08F2A1D1E70005B5007 /* Chapter7-iExpense */ = {
			isa = PBXGroup;
			children = (
				938CC0902A1D1E70005B5007 /* Chapter7_iExpenseApp.swift */,
				938CC0922A1D1E70005B5007 /* DemoView.swift */,
				93E658B82A1E5E8500E60DFE /* AddView.swift */,
				93E658B42A1E597B00E60DFE /* ContentView.swift */,
				938CC09E2A1D2490005B5007 /* ListView.swift */,
				938CC0A02A1D26DC005B5007 /* PersistentView.swift */,
				938CC0A22A1D27FD005B5007 /* CodableView.swift */,
				938CC0942A1D1E71005B5007 /* Assets.xcassets */,
				938CC0962A1D1E71005B5007 /* Preview Content */,
			);
			path = "Chapter7-iExpense";
			sourceTree = "<group>";
		};
		938CC0962A1D1E71005B5007 /* Preview Content */ = {
			isa = PBXGroup;
			children = (
				938CC0972A1D1E71005B5007 /* Preview Assets.xcassets */,
			);
			path = "Preview Content";
			sourceTree = "<group>";
		};
/* End PBXGroup section */

/* Begin PBXNativeTarget section */
		938CC08C2A1D1E70005B5007 /* Chapter7-iExpense */ = {
			isa = PBXNativeTarget;
			buildConfigurationList = 938CC09B2A1D1E71005B5007 /* Build configuration list for PBXNativeTarget "Chapter7-iExpense" */;
			buildPhases = (
				938CC0892A1D1E70005B5007 /* Sources */,
				938CC08A2A1D1E70005B5007 /* Frameworks */,
				938CC08B2A1D1E70005B5007 /* Resources */,
			);
			buildRules = (
			);
			dependencies = (
			);
			name = "Chapter7-iExpense";
			productName = "Chapter7-iExpense";
			productReference = 938CC08D2A1D1E70005B5007 /* Chapter7-iExpense.app */;
			productType = "com.apple.product-type.application";
		};
/* End PBXNativeTarget section */

/* Begin PBXProject section */
		938CC0852A1D1E70005B5007 /* Project object */ = {
			isa = PBXProject;
			attributes = {
				BuildIndependentTargetsInParallel = 1;
				LastSwiftUpdateCheck = 1400;
				LastUpgradeCheck = 1400;
				TargetAttributes = {
					938CC08C2A1D1E70005B5007 = {
						CreatedOnToolsVersion = 14.0;
					};
				};
			};
			buildConfigurationList = 938CC0882A1D1E70005B5007 /* Build configuration list for PBXProject "Chapter7-iExpense" */;
			compatibilityVersion = "Xcode 14.0";
			developmentRegion = en;
			hasScannedForEncodings = 0;
			knownRegions = (
				en,
				Base,
			);
			mainGroup = 938CC0842A1D1E70005B5007;
			productRefGroup = 938CC08E2A1D1E70005B5007 /* Products */;
			projectDirPath = "";
			projectRoot = "";
			targets = (
				938CC08C2A1D1E70005B5007 /* Chapter7-iExpense */,
			);
		};
/* End PBXProject section */

/* Begin PBXResourcesBuildPhase section */
		938CC08B2A1D1E70005B5007 /* Resources */ = {
			isa = PBXResourcesBuildPhase;
			buildActionMask = 2147483647;
			files = (
				938CC0982A1D1E71005B5007 /* Preview Assets.xcassets in Resources */,
				938CC0952A1D1E71005B5007 /* Assets.xcassets in Resources */,
			);
			runOnlyForDeploymentPostprocessing = 0;
		};
/* End PBXResourcesBuildPhase section */

/* Begin PBXSourcesBuildPhase section */
		938CC0892A1D1E70005B5007 /* Sources */ = {
			isa = PBXSourcesBuildPhase;
			buildActionMask = 2147483647;
			files = (
				93E658B92A1E5E8500E60DFE /* AddView.swift in Sources */,
				938CC0932A1D1E70005B5007 /* DemoView.swift in Sources */,
				938CC0912A1D1E70005B5007 /* Chapter7_iExpenseApp.swift in Sources */,
				93E658B52A1E597B00E60DFE /* ContentView.swift in Sources */,
				938CC09F2A1D2490005B5007 /* ListView.swift in Sources */,
				938CC0A32A1D27FD005B5007 /* CodableView.swift in Sources */,
				938CC0A12A1D26DC005B5007 /* PersistentView.swift in Sources */,
			);
			runOnlyForDeploymentPostprocessing = 0;
		};
/* End PBXSourcesBuildPhase section */

/* Begin XCBuildConfiguration section */
		938CC0992A1D1E71005B5007 /* Debug */ = {
			isa = XCBuildConfiguration;
			buildSettings = {
				ALWAYS_SEARCH_USER_PATHS = NO;
				CLANG_ANALYZER_NONNULL = YES;
				CLANG_ANALYZER_NUMBER_OBJECT_CONVERSION = YES_AGGRESSIVE;
				CLANG_CXX_LANGUAGE_STANDARD = "gnu++20";
				CLANG_ENABLE_MODULES = YES;
				CLANG_ENABLE_OBJC_ARC = YES;
				CLANG_ENABLE_OBJC_WEAK = YES;
				CLANG_WARN_BLOCK_CAPTURE_AUTORELEASING = YES;
				CLANG_WARN_BOOL_CONVERSION = YES;
				CLANG_WARN_COMMA = YES;
				CLANG_WARN_CONSTANT_CONVERSION = YES;
				CLANG_WARN_DEPRECATED_OBJC_IMPLEMENTATIONS = YES;
				CLANG_WARN_DIRECT_OBJC_ISA_USAGE = YES_ERROR;
				CLANG_WARN_DOCUMENTATION_COMMENTS = YES;
				CLANG_WARN_EMPTY_BODY = YES;
				CLANG_WARN_ENUM_CONVERSION = YES;
				CLANG_WARN_INFINITE_RECURSION = YES;
				CLANG_WARN_INT_CONVERSION = YES;
				CLANG_WARN_NON_LITERAL_NULL_CONVERSION = YES;
				CLANG_WARN_OBJC_IMPLICIT_RETAIN_SELF = YES;
				CLANG_WARN_OBJC_LITERAL_CONVERSION = YES;
				CLANG_WARN_OBJC_ROOT_CLASS = YES_ERROR;
				CLANG_WARN_QUOTED_INCLUDE_IN_FRAMEWORK_HEADER = YES;
				CLANG_WARN_RANGE_LOOP_ANALYSIS = YES;
				CLANG_WARN_STRICT_PROTOTYPES = YES;
				CLANG_WARN_SUSPICIOUS_MOVE = YES;
				CLANG_WARN_UNGUARDED_AVAILABILITY = YES_AGGRESSIVE;
				CLANG_WARN_UNREACHABLE_CODE = YES;
				CLANG_WARN__DUPLICATE_METHOD_MATCH = YES;
				COPY_PHASE_STRIP = NO;
				DEBUG_INFORMATION_FORMAT = dwarf;
				ENABLE_STRICT_OBJC_MSGSEND = YES;
				ENABLE_TESTABILITY = YES;
				GCC_C_LANGUAGE_STANDARD = gnu11;
				GCC_DYNAMIC_NO_PIC = NO;
				GCC_NO_COMMON_BLOCKS = YES;
				GCC_OPTIMIZATION_LEVEL = 0;
				GCC_PREPROCESSOR_DEFINITIONS = (
					"DEBUG=1",
					"$(inherited)",
				);
				GCC_WARN_64_TO_32_BIT_CONVERSION = YES;
				GCC_WARN_ABOUT_RETURN_TYPE = YES_ERROR;
				GCC_WARN_UNDECLARED_SELECTOR = YES;
				GCC_WARN_UNINITIALIZED_AUTOS = YES_AGGRESSIVE;
				GCC_WARN_UNUSED_FUNCTION = YES;
				GCC_WARN_UNUSED_VARIABLE = YES;
				IPHONEOS_DEPLOYMENT_TARGET = 16.0;
				MTL_ENABLE_DEBUG_INFO = INCLUDE_SOURCE;
				MTL_FAST_MATH = YES;
				ONLY_ACTIVE_ARCH = YES;
				SDKROOT = iphoneos;
				SWIFT_ACTIVE_COMPILATION_CONDITIONS = DEBUG;
				SWIFT_OPTIMIZATION_LEVEL = "-Onone";
			};
			name = Debug;
		};
		938CC09A2A1D1E71005B5007 /* Release */ = {
			isa = XCBuildConfiguration;
			buildSettings = {
				ALWAYS_SEARCH_USER_PATHS = NO;
				CLANG_ANALYZER_NONNULL = YES;
				CLANG_ANALYZER_NUMBER_OBJECT_CONVERSION = YES_AGGRESSIVE;
				CLANG_CXX_LANGUAGE_STANDARD = "gnu++20";
				CLANG_ENABLE_MODULES = YES;
				CLANG_ENABLE_OBJC_ARC = YES;
				CLANG_ENABLE_OBJC_WEAK = YES;
				CLANG_WARN_BLOCK_CAPTURE_AUTORELEASING = YES;
				CLANG_WARN_BOOL_CONVERSION = YES;
				CLANG_WARN_COMMA = YES;
				CLANG_WARN_CONSTANT_CONVERSION = YES;
				CLANG_WARN_DEPRECATED_OBJC_IMPLEMENTATIONS = YES;
				CLANG_WARN_DIRECT_OBJC_ISA_USAGE = YES_ERROR;
				CLANG_WARN_DOCUMENTATION_COMMENTS = YES;
				CLANG_WARN_EMPTY_BODY = YES;
				CLANG_WARN_ENUM_CONVERSION = YES;
				CLANG_WARN_INFINITE_RECURSION = YES;
				CLANG_WARN_INT_CONVERSION = YES;
				CLANG_WARN_NON_LITERAL_NULL_CONVERSION = YES;
				CLANG_WARN_OBJC_IMPLICIT_RETAIN_SELF = YES;
				CLANG_WARN_OBJC_LITERAL_CONVERSION = YES;
				CLANG_WARN_OBJC_ROOT_CLASS = YES_ERROR;
				CLANG_WARN_QUOTED_INCLUDE_IN_FRAMEWORK_HEADER = YES;
				CLANG_WARN_RANGE_LOOP_ANALYSIS = YES;
				CLANG_WARN_STRICT_PROTOTYPES = YES;
				CLANG_WARN_SUSPICIOUS_MOVE = YES;
				CLANG_WARN_UNGUARDED_AVAILABILITY = YES_AGGRESSIVE;
				CLANG_WARN_UNREACHABLE_CODE = YES;
				CLANG_WARN__DUPLICATE_METHOD_MATCH = YES;
				COPY_PHASE_STRIP = NO;
				DEBUG_INFORMATION_FORMAT = "dwarf-with-dsym";
				ENABLE_NS_ASSERTIONS = NO;
				ENABLE_STRICT_OBJC_MSGSEND = YES;
				GCC_C_LANGUAGE_STANDARD = gnu11;
				GCC_NO_COMMON_BLOCKS = YES;
				GCC_WARN_64_TO_32_BIT_CONVERSION = YES;
				GCC_WARN_ABOUT_RETURN_TYPE = YES_ERROR;
				GCC_WARN_UNDECLARED_SELECTOR = YES;
				GCC_WARN_UNINITIALIZED_AUTOS = YES_AGGRESSIVE;
				GCC_WARN_UNUSED_FUNCTION = YES;
				GCC_WARN_UNUSED_VARIABLE = YES;
				IPHONEOS_DEPLOYMENT_TARGET = 16.0;
				MTL_ENABLE_DEBUG_INFO = NO;
				MTL_FAST_MATH = YES;
				SDKROOT = iphoneos;
				SWIFT_COMPILATION_MODE = wholemodule;
				SWIFT_OPTIMIZATION_LEVEL = "-O";
				VALIDATE_PRODUCT = YES;
			};
			name = Release;
		};
		938CC09C2A1D1E71005B5007 /* Debug */ = {
			isa = XCBuildConfiguration;
			buildSettings = {
				ASSETCATALOG_COMPILER_APPICON_NAME = AppIcon;
				ASSETCATALOG_COMPILER_GLOBAL_ACCENT_COLOR_NAME = AccentColor;
				CODE_SIGN_STYLE = Automatic;
				CURRENT_PROJECT_VERSION = 1;
				DEVELOPMENT_ASSET_PATHS = "\"Chapter7-iExpense/Preview Content\"";
				DEVELOPMENT_TEAM = 79D36Y5DN3;
				ENABLE_PREVIEWS = YES;
				GENERATE_INFOPLIST_FILE = YES;
				INFOPLIST_KEY_UIApplicationSceneManifest_Generation = YES;
				INFOPLIST_KEY_UIApplicationSupportsIndirectInputEvents = YES;
				INFOPLIST_KEY_UILaunchScreen_Generation = YES;
				INFOPLIST_KEY_UISupportedInterfaceOrientations_iPad = "UIInterfaceOrientationPortrait UIInterfaceOrientationPortraitUpsideDown UIInterfaceOrientationLandscapeLeft UIInterfaceOrientationLandscapeRight";
				INFOPLIST_KEY_UISupportedInterfaceOrientations_iPhone = "UIInterfaceOrientationPortrait UIInterfaceOrientationLandscapeLeft UIInterfaceOrientationLandscapeRight";
				LD_RUNPATH_SEARCH_PATHS = (
					"$(inherited)",
					"@executable_path/Frameworks",
				);
				MARKETING_VERSION = 1.0;
				PRODUCT_BUNDLE_IDENTIFIER = "com.ambarseptian.Chapter7-iExpense";
				PRODUCT_NAME = "$(TARGET_NAME)";
				SWIFT_EMIT_LOC_STRINGS = YES;
				SWIFT_VERSION = 5.0;
				TARGETED_DEVICE_FAMILY = "1,2";
			};
			name = Debug;
		};
		938CC09D2A1D1E71005B5007 /* Release */ = {
			isa = XCBuildConfiguration;
			buildSettings = {
				ASSETCATALOG_COMPILER_APPICON_NAME = AppIcon;
				ASSETCATALOG_COMPILER_GLOBAL_ACCENT_COLOR_NAME = AccentColor;
				CODE_SIGN_STYLE = Automatic;
				CURRENT_PROJECT_VERSION = 1;
				DEVELOPMENT_ASSET_PATHS = "\"Chapter7-iExpense/Preview Content\"";
				DEVELOPMENT_TEAM = 79D36Y5DN3;
				ENABLE_PREVIEWS = YES;
				GENERATE_INFOPLIST_FILE = YES;
				INFOPLIST_KEY_UIApplicationSceneManifest_Generation = YES;
				INFOPLIST_KEY_UIApplicationSupportsIndirectInputEvents = YES;
				INFOPLIST_KEY_UILaunchScreen_Generation = YES;
				INFOPLIST_KEY_UISupportedInterfaceOrientations_iPad = "UIInterfaceOrientationPortrait UIInterfaceOrientationPortraitUpsideDown UIInterfaceOrientationLandscapeLeft UIInterfaceOrientationLandscapeRight";
				INFOPLIST_KEY_UISupportedInterfaceOrientations_iPhone = "UIInterfaceOrientationPortrait UIInterfaceOrientationLandscapeLeft UIInterfaceOrientationLandscapeRight";
				LD_RUNPATH_SEARCH_PATHS = (
					"$(inherited)",
					"@executable_path/Frameworks",
				);
				MARKETING_VERSION = 1.0;
				PRODUCT_BUNDLE_IDENTIFIER = "com.ambarseptian.Chapter7-iExpense";
				PRODUCT_NAME = "$(TARGET_NAME)";
				SWIFT_EMIT_LOC_STRINGS = YES;
				SWIFT_VERSION = 5.0;
				TARGETED_DEVICE_FAMILY = "1,2";
			};
			name = Release;
		};
/* End XCBuildConfiguration section */

/* Begin XCConfigurationList section */
		938CC0882A1D1E70005B5007 /* Build configuration list for PBXProject "Chapter7-iExpense" */ = {
			isa = XCConfigurationList;
			buildConfigurations = (
				938CC0992A1D1E71005B5007 /* Debug */,
				938CC09A2A1D1E71005B5007 /* Release */,
			);
			defaultConfigurationIsVisible = 0;
			defaultConfigurationName = Release;
		};
		938CC09B2A1D1E71005B5007 /* Build configuration list for PBXNativeTarget "Chapter7-iExpense" */ = {
			isa = XCConfigurationList;
			buildConfigurations = (
				938CC09C2A1D1E71005B5007 /* Debug */,
				938CC09D2A1D1E71005B5007 /* Release */,
			);
			defaultConfigurationIsVisible = 0;
			defaultConfigurationName = Release;
		};
/* End XCConfigurationList section */
	};
	rootObject = 938CC0852A1D1E70005B5007 /* Project object */;
}
